
Microsoft Visual Studio Solution File, Format Version 12.00
# Visual Studio Version 17
VisualStudioVersion = 17.13.35617.110 d17.13
MinimumVisualStudioVersion = 10.0.40219.1
Project("{FAE04EC0-301F-11D3-BF4B-00C04F79EFBC}") = "BlazorShop", "BlazorShop\BlazorShop.csproj", "{5F7BB9C1-BEA3-4295-9963-C220ABA39614}"
EndProject
Project("{FAE04EC0-301F-11D3-BF4B-00C04F79EFBC}") = "BlazorShopApi", "BlazorShopApi\BlazorShopApi.csproj", "{016E03BC-E9B9-4FB3-9FD3-F7219A6E5714}"
EndProject
Project("{FAE04EC0-301F-11D3-BF4B-00C04F79EFBC}") = "BlazorShopModels", "BlazorShopModels\BlazorShopModels.csproj", "{C0E6013B-2A11-4E33-89F7-B7B2931186D9}"
EndProject
Global
	GlobalSection(SolutionConfigurationPlatforms) = preSolution
		Debug|Any CPU = Debug|Any CPU
		Release|Any CPU = Release|Any CPU
	EndGlobalSection
	GlobalSection(ProjectConfigurationPlatforms) = postSolution
		{5F7BB9C1-BEA3-4295-9963-C220ABA39614}.Debug|Any CPU.ActiveCfg = Debug|Any CPU
		{5F7BB9C1-BEA3-4295-9963-C220ABA39614}.Debug|Any CPU.Build.0 = Debug|Any CPU
		{5F7BB9C1-BEA3-4295-9963-C220ABA39614}.Release|Any CPU.ActiveCfg = Release|Any CPU
		{5F7BB9C1-BEA3-4295-9963-C220ABA39614}.Release|Any CPU.Build.0 = Release|Any CPU
		{016E03BC-E9B9-4FB3-9FD3-F7219A6E5714}.Debug|Any CPU.ActiveCfg = Debug|Any CPU
		{016E03BC-E9B9-4FB3-9FD3-F7219A6E5714}.Debug|Any CPU.Build.0 = Debug|Any CPU
		{016E03BC-E9B9-4FB3-9FD3-F7219A6E5714}.Release|Any CPU.ActiveCfg = Release|Any CPU
		{016E03BC-E9B9-4FB3-9FD3-F7219A6E5714}.Release|Any CPU.Build.0 = Release|Any CPU
		{C0E6013B-2A11-4E33-89F7-B7B2931186D9}.Debug|Any CPU.ActiveCfg = Debug|Any CPU
		{C0E6013B-2A11-4E33-89F7-B7B2931186D9}.Debug|Any CPU.Build.0 = Debug|Any CPU
		{C0E6013B-2A11-4E33-89F7-B7B2931186D9}.Release|Any CPU.ActiveCfg = Release|Any CPU
		{C0E6013B-2A11-4E33-89F7-B7B2931186D9}.Release|Any CPU.Build.0 = Release|Any CPU
	EndGlobalSection
	GlobalSection(SolutionProperties) = preSolution
		HideSolutionNode = FALSE
	EndGlobalSection
	GlobalSection(ExtensibilityGlobals) = postSolution
		SolutionGuid = {CCDA907A-8B67-4FA2-8ECC-26B8782E25F1}
	EndGlobalSection
EndGlobal
